// !$*UTF8*$!
{
	archiveVersion = 1;
	classes = {
	};
	objectVersion = 46;
	objects = {

/* Begin PBXBuildFile section */
		261700111C6057C00053F9AB /* Media.xcassets in Resources */ = {isa = PBXBuildFile; fileRef = 261700101C6057C00053F9AB /* Media.xcassets */; };
		263692211C60154800167EBE /* AVFoundation.framework in Frameworks */ = {isa = PBXBuildFile; fileRef = 263692201C60154800167EBE /* AVFoundation.framework */; };
		263692231C60154E00167EBE /* CoreData.framework in Frameworks */ = {isa = PBXBuildFile; fileRef = 263692221C60154E00167EBE /* CoreData.framework */; };
		263692251C60155400167EBE /* CoreLocation.framework in Frameworks */ = {isa = PBXBuildFile; fileRef = 263692241C60155400167EBE /* CoreLocation.framework */; };
		263692271C60155A00167EBE /* CoreText.framework in Frameworks */ = {isa = PBXBuildFile; fileRef = 263692261C60155A00167EBE /* CoreText.framework */; };
		263692291C60156100167EBE /* GLKit.framework in Frameworks */ = {isa = PBXBuildFile; fileRef = 263692281C60156100167EBE /* GLKit.framework */; };
		2636922B1C60156700167EBE /* ImageIO.framework in Frameworks */ = {isa = PBXBuildFile; fileRef = 2636922A1C60156700167EBE /* ImageIO.framework */; };
		2636922D1C60157400167EBE /* libc++.tbd in Frameworks */ = {isa = PBXBuildFile; fileRef = 2636922C1C60157400167EBE /* libc++.tbd */; };
		2636922F1C60158000167EBE /* libicucore.tbd in Frameworks */ = {isa = PBXBuildFile; fileRef = 2636922E1C60158000167EBE /* libicucore.tbd */; };
		263692311C60158500167EBE /* libz.tbd in Frameworks */ = {isa = PBXBuildFile; fileRef = 263692301C60158500167EBE /* libz.tbd */; };
		263692331C60158B00167EBE /* OpenGLES.framework in Frameworks */ = {isa = PBXBuildFile; fileRef = 263692321C60158B00167EBE /* OpenGLES.framework */; };
		263692351C60159100167EBE /* QuartzCore.framework in Frameworks */ = {isa = PBXBuildFile; fileRef = 263692341C60159100167EBE /* QuartzCore.framework */; };
		263692371C60159800167EBE /* SystemConfiguration.framework in Frameworks */ = {isa = PBXBuildFile; fileRef = 263692361C60159800167EBE /* SystemConfiguration.framework */; };
		266BB5F91C616796000143FB /* SearchResultController.swift in Sources */ = {isa = PBXBuildFile; fileRef = 266BB5F81C616796000143FB /* SearchResultController.swift */; };
		26D4CCD11C61013500319386 /* model.swift in Sources */ = {isa = PBXBuildFile; fileRef = 26D4CCD01C61013500319386 /* model.swift */; };
		26D4CCD71C61018200319386 /* view.swift in Sources */ = {isa = PBXBuildFile; fileRef = 26D4CCD61C61018200319386 /* view.swift */; };
		26D4CCDD1C61023C00319386 /* MapViewController.swift in Sources */ = {isa = PBXBuildFile; fileRef = 26D4CCDC1C61023C00319386 /* MapViewController.swift */; };
		26D4CCE01C61534A00319386 /* MapTasks.swift in Sources */ = {isa = PBXBuildFile; fileRef = 26D4CCDF1C61534A00319386 /* MapTasks.swift */; };
		26F65C851C6010DC005E4A4F /* AppDelegate.swift in Sources */ = {isa = PBXBuildFile; fileRef = 26F65C841C6010DC005E4A4F /* AppDelegate.swift */; };
		26F65C8A1C6010DC005E4A4F /* Main.storyboard in Resources */ = {isa = PBXBuildFile; fileRef = 26F65C881C6010DC005E4A4F /* Main.storyboard */; };
		26F65C8D1C6010DC005E4A4F /* Enabled.xcdatamodeld in Sources */ = {isa = PBXBuildFile; fileRef = 26F65C8B1C6010DC005E4A4F /* Enabled.xcdatamodeld */; };
		26F65C8F1C6010DC005E4A4F /* Assets.xcassets in Resources */ = {isa = PBXBuildFile; fileRef = 26F65C8E1C6010DC005E4A4F /* Assets.xcassets */; };
		26F65C921C6010DC005E4A4F /* LaunchScreen.storyboard in Resources */ = {isa = PBXBuildFile; fileRef = 26F65C901C6010DC005E4A4F /* LaunchScreen.storyboard */; };
		26F65C9D1C6010DD005E4A4F /* EnabledTests.swift in Sources */ = {isa = PBXBuildFile; fileRef = 26F65C9C1C6010DD005E4A4F /* EnabledTests.swift */; };
		26F65CA81C6010DD005E4A4F /* EnabledUITests.swift in Sources */ = {isa = PBXBuildFile; fileRef = 26F65CA71C6010DD005E4A4F /* EnabledUITests.swift */; };
		AB2B80C7687827FC60D1ED7C /* libPods.a in Frameworks */ = {isa = PBXBuildFile; fileRef = 9232AF742DA3F333082D7088 /* libPods.a */; };
/* End PBXBuildFile section */

/* Begin PBXContainerItemProxy section */
		26F65C991C6010DD005E4A4F /* PBXContainerItemProxy */ = {
			isa = PBXContainerItemProxy;
			containerPortal = 26F65C791C6010DC005E4A4F /* Project object */;
			proxyType = 1;
			remoteGlobalIDString = 26F65C801C6010DC005E4A4F;
			remoteInfo = Enabled;
		};
		26F65CA41C6010DD005E4A4F /* PBXContainerItemProxy */ = {
			isa = PBXContainerItemProxy;
			containerPortal = 26F65C791C6010DC005E4A4F /* Project object */;
			proxyType = 1;
			remoteGlobalIDString = 26F65C801C6010DC005E4A4F;
			remoteInfo = Enabled;
		};
/* End PBXContainerItemProxy section */

/* Begin PBXFileReference section */
		2617000E1C6015E60053F9AB /* Enabled-Bridging-Header.h */ = {isa = PBXFileReference; lastKnownFileType = sourcecode.c.h; path = "Enabled-Bridging-Header.h"; sourceTree = "<group>"; };
		261700101C6057C00053F9AB /* Media.xcassets */ = {isa = PBXFileReference; lastKnownFileType = folder.assetcatalog; path = Media.xcassets; sourceTree = "<group>"; };
		263692201C60154800167EBE /* AVFoundation.framework */ = {isa = PBXFileReference; lastKnownFileType = wrapper.framework; name = AVFoundation.framework; path = System/Library/Frameworks/AVFoundation.framework; sourceTree = SDKROOT; };
		263692221C60154E00167EBE /* CoreData.framework */ = {isa = PBXFileReference; lastKnownFileType = wrapper.framework; name = CoreData.framework; path = System/Library/Frameworks/CoreData.framework; sourceTree = SDKROOT; };
		263692241C60155400167EBE /* CoreLocation.framework */ = {isa = PBXFileReference; lastKnownFileType = wrapper.framework; name = CoreLocation.framework; path = System/Library/Frameworks/CoreLocation.framework; sourceTree = SDKROOT; };
		263692261C60155A00167EBE /* CoreText.framework */ = {isa = PBXFileReference; lastKnownFileType = wrapper.framework; name = CoreText.framework; path = System/Library/Frameworks/CoreText.framework; sourceTree = SDKROOT; };
		263692281C60156100167EBE /* GLKit.framework */ = {isa = PBXFileReference; lastKnownFileType = wrapper.framework; name = GLKit.framework; path = System/Library/Frameworks/GLKit.framework; sourceTree = SDKROOT; };
		2636922A1C60156700167EBE /* ImageIO.framework */ = {isa = PBXFileReference; lastKnownFileType = wrapper.framework; name = ImageIO.framework; path = System/Library/Frameworks/ImageIO.framework; sourceTree = SDKROOT; };
		2636922C1C60157400167EBE /* libc++.tbd */ = {isa = PBXFileReference; lastKnownFileType = "sourcecode.text-based-dylib-definition"; name = "libc++.tbd"; path = "usr/lib/libc++.tbd"; sourceTree = SDKROOT; };
		2636922E1C60158000167EBE /* libicucore.tbd */ = {isa = PBXFileReference; lastKnownFileType = "sourcecode.text-based-dylib-definition"; name = libicucore.tbd; path = usr/lib/libicucore.tbd; sourceTree = SDKROOT; };
		263692301C60158500167EBE /* libz.tbd */ = {isa = PBXFileReference; lastKnownFileType = "sourcecode.text-based-dylib-definition"; name = libz.tbd; path = usr/lib/libz.tbd; sourceTree = SDKROOT; };
		263692321C60158B00167EBE /* OpenGLES.framework */ = {isa = PBXFileReference; lastKnownFileType = wrapper.framework; name = OpenGLES.framework; path = System/Library/Frameworks/OpenGLES.framework; sourceTree = SDKROOT; };
		263692341C60159100167EBE /* QuartzCore.framework */ = {isa = PBXFileReference; lastKnownFileType = wrapper.framework; name = QuartzCore.framework; path = System/Library/Frameworks/QuartzCore.framework; sourceTree = SDKROOT; };
		263692361C60159800167EBE /* SystemConfiguration.framework */ = {isa = PBXFileReference; lastKnownFileType = wrapper.framework; name = SystemConfiguration.framework; path = System/Library/Frameworks/SystemConfiguration.framework; sourceTree = SDKROOT; };
		266BB5F81C616796000143FB /* SearchResultController.swift */ = {isa = PBXFileReference; fileEncoding = 4; lastKnownFileType = sourcecode.swift; path = SearchResultController.swift; sourceTree = "<group>"; };
		26D4CCD01C61013500319386 /* model.swift */ = {isa = PBXFileReference; fileEncoding = 4; lastKnownFileType = sourcecode.swift; name = model.swift; path = Model/model.swift; sourceTree = "<group>"; };
		26D4CCD61C61018200319386 /* view.swift */ = {isa = PBXFileReference; fileEncoding = 4; lastKnownFileType = sourcecode.swift; name = view.swift; path = View/view.swift; sourceTree = "<group>"; };
		26D4CCDC1C61023C00319386 /* MapViewController.swift */ = {isa = PBXFileReference; fileEncoding = 4; lastKnownFileType = sourcecode.swift; path = MapViewController.swift; sourceTree = "<group>"; };
		26D4CCDF1C61534A00319386 /* MapTasks.swift */ = {isa = PBXFileReference; fileEncoding = 4; lastKnownFileType = sourcecode.swift; name = MapTasks.swift; path = Tasks/MapTasks.swift; sourceTree = "<group>"; };
		26F65C811C6010DC005E4A4F /* Enabled.app */ = {isa = PBXFileReference; explicitFileType = wrapper.application; includeInIndex = 0; path = Enabled.app; sourceTree = BUILT_PRODUCTS_DIR; };
		26F65C841C6010DC005E4A4F /* AppDelegate.swift */ = {isa = PBXFileReference; lastKnownFileType = sourcecode.swift; path = AppDelegate.swift; sourceTree = "<group>"; };
		26F65C891C6010DC005E4A4F /* Base */ = {isa = PBXFileReference; lastKnownFileType = file.storyboard; name = Base; path = Base.lproj/Main.storyboard; sourceTree = "<group>"; };
		26F65C8C1C6010DC005E4A4F /* Enabled.xcdatamodel */ = {isa = PBXFileReference; lastKnownFileType = wrapper.xcdatamodel; path = Enabled.xcdatamodel; sourceTree = "<group>"; };
		26F65C8E1C6010DC005E4A4F /* Assets.xcassets */ = {isa = PBXFileReference; lastKnownFileType = folder.assetcatalog; path = Assets.xcassets; sourceTree = "<group>"; };
		26F65C911C6010DC005E4A4F /* Base */ = {isa = PBXFileReference; lastKnownFileType = file.storyboard; name = Base; path = Base.lproj/LaunchScreen.storyboard; sourceTree = "<group>"; };
		26F65C931C6010DD005E4A4F /* Info.plist */ = {isa = PBXFileReference; lastKnownFileType = text.plist.xml; path = Info.plist; sourceTree = "<group>"; };
		26F65C981C6010DD005E4A4F /* EnabledTests.xctest */ = {isa = PBXFileReference; explicitFileType = wrapper.cfbundle; includeInIndex = 0; path = EnabledTests.xctest; sourceTree = BUILT_PRODUCTS_DIR; };
		26F65C9C1C6010DD005E4A4F /* EnabledTests.swift */ = {isa = PBXFileReference; lastKnownFileType = sourcecode.swift; path = EnabledTests.swift; sourceTree = "<group>"; };
		26F65C9E1C6010DD005E4A4F /* Info.plist */ = {isa = PBXFileReference; lastKnownFileType = text.plist.xml; path = Info.plist; sourceTree = "<group>"; };
		26F65CA31C6010DD005E4A4F /* EnabledUITests.xctest */ = {isa = PBXFileReference; explicitFileType = wrapper.cfbundle; includeInIndex = 0; path = EnabledUITests.xctest; sourceTree = BUILT_PRODUCTS_DIR; };
		26F65CA71C6010DD005E4A4F /* EnabledUITests.swift */ = {isa = PBXFileReference; lastKnownFileType = sourcecode.swift; path = EnabledUITests.swift; sourceTree = "<group>"; };
		26F65CA91C6010DD005E4A4F /* Info.plist */ = {isa = PBXFileReference; lastKnownFileType = text.plist.xml; path = Info.plist; sourceTree = "<group>"; };
		9232AF742DA3F333082D7088 /* libPods.a */ = {isa = PBXFileReference; explicitFileType = archive.ar; includeInIndex = 0; path = libPods.a; sourceTree = BUILT_PRODUCTS_DIR; };
		95E70A0EF1EAF4A8BF325A55 /* Pods.debug.xcconfig */ = {isa = PBXFileReference; includeInIndex = 1; lastKnownFileType = text.xcconfig; name = Pods.debug.xcconfig; path = "Pods/Target Support Files/Pods/Pods.debug.xcconfig"; sourceTree = "<group>"; };
		C7BDBF0A0BC3ED409DB2D382 /* Pods.release.xcconfig */ = {isa = PBXFileReference; includeInIndex = 1; lastKnownFileType = text.xcconfig; name = Pods.release.xcconfig; path = "Pods/Target Support Files/Pods/Pods.release.xcconfig"; sourceTree = "<group>"; };
/* End PBXFileReference section */

/* Begin PBXFrameworksBuildPhase section */
		26F65C7E1C6010DC005E4A4F /* Frameworks */ = {
			isa = PBXFrameworksBuildPhase;
			buildActionMask = 2147483647;
			files = (
				263692371C60159800167EBE /* SystemConfiguration.framework in Frameworks */,
				263692351C60159100167EBE /* QuartzCore.framework in Frameworks */,
				263692331C60158B00167EBE /* OpenGLES.framework in Frameworks */,
				263692311C60158500167EBE /* libz.tbd in Frameworks */,
				2636922F1C60158000167EBE /* libicucore.tbd in Frameworks */,
				2636922D1C60157400167EBE /* libc++.tbd in Frameworks */,
				2636922B1C60156700167EBE /* ImageIO.framework in Frameworks */,
				263692291C60156100167EBE /* GLKit.framework in Frameworks */,
				263692271C60155A00167EBE /* CoreText.framework in Frameworks */,
				263692251C60155400167EBE /* CoreLocation.framework in Frameworks */,
				263692231C60154E00167EBE /* CoreData.framework in Frameworks */,
				263692211C60154800167EBE /* AVFoundation.framework in Frameworks */,
				AB2B80C7687827FC60D1ED7C /* libPods.a in Frameworks */,
			);
			runOnlyForDeploymentPostprocessing = 0;
		};
		26F65C951C6010DD005E4A4F /* Frameworks */ = {
			isa = PBXFrameworksBuildPhase;
			buildActionMask = 2147483647;
			files = (
			);
			runOnlyForDeploymentPostprocessing = 0;
		};
		26F65CA01C6010DD005E4A4F /* Frameworks */ = {
			isa = PBXFrameworksBuildPhase;
			buildActionMask = 2147483647;
			files = (
			);
			runOnlyForDeploymentPostprocessing = 0;
		};
/* End PBXFrameworksBuildPhase section */

/* Begin PBXGroup section */
		26D4CCC61C60C0F200319386 /* Supporting Files */ = {
			isa = PBXGroup;
			children = (
				26F65C931C6010DD005E4A4F /* Info.plist */,
			);
			name = "Supporting Files";
			sourceTree = "<group>";
		};
		26D4CCD21C61014C00319386 /* Model */ = {
			isa = PBXGroup;
			children = (
				26D4CCD01C61013500319386 /* model.swift */,
			);
			name = Model;
			sourceTree = "<group>";
		};
		26D4CCD51C61017100319386 /* Controller */ = {
			isa = PBXGroup;
			children = (
				26D4CCDC1C61023C00319386 /* MapViewController.swift */,
				266BB5F81C616796000143FB /* SearchResultController.swift */,
			);
			name = Controller;
			sourceTree = "<group>";
		};
		26D4CCD81C61018600319386 /* View */ = {
			isa = PBXGroup;
			children = (
				26D4CCD61C61018200319386 /* view.swift */,
			);
			name = View;
			sourceTree = "<group>";
		};
		26D4CCD91C6101A200319386 /* Storyboards */ = {
			isa = PBXGroup;
			children = (
				26F65C881C6010DC005E4A4F /* Main.storyboard */,
				26F65C901C6010DC005E4A4F /* LaunchScreen.storyboard */,
			);
			name = Storyboards;
			sourceTree = "<group>";
		};
		26D4CCDE1C61533100319386 /* Tasks */ = {
			isa = PBXGroup;
			children = (
				26D4CCDF1C61534A00319386 /* MapTasks.swift */,
			);
			name = Tasks;
			sourceTree = "<group>";
		};
		26F65C781C6010DC005E4A4F = {
			isa = PBXGroup;
			children = (
				26F65C831C6010DC005E4A4F /* Enabled */,
				26F65C9B1C6010DD005E4A4F /* EnabledTests */,
				26F65CA61C6010DD005E4A4F /* EnabledUITests */,
				26F65C821C6010DC005E4A4F /* Products */,
				56C951E9698FED95D5946E6D /* Pods */,
				29A1ED10AD463ECDA7BFBCA8 /* Frameworks */,
				2617000E1C6015E60053F9AB /* Enabled-Bridging-Header.h */,
			);
			sourceTree = "<group>";
		};
		26F65C821C6010DC005E4A4F /* Products */ = {
			isa = PBXGroup;
			children = (
				26F65C811C6010DC005E4A4F /* Enabled.app */,
				26F65C981C6010DD005E4A4F /* EnabledTests.xctest */,
				26F65CA31C6010DD005E4A4F /* EnabledUITests.xctest */,
			);
			name = Products;
			sourceTree = "<group>";
		};
		26F65C831C6010DC005E4A4F /* Enabled */ = {
			isa = PBXGroup;
			children = (
				26D4CCDE1C61533100319386 /* Tasks */,
				26F65C841C6010DC005E4A4F /* AppDelegate.swift */,
				26D4CCD21C61014C00319386 /* Model */,
				26D4CCD91C6101A200319386 /* Storyboards */,
				26F65C8E1C6010DC005E4A4F /* Assets.xcassets */,
				261700101C6057C00053F9AB /* Media.xcassets */,
				26D4CCC61C60C0F200319386 /* Supporting Files */,
				26F65C8B1C6010DC005E4A4F /* Enabled.xcdatamodeld */,
				26D4CCD51C61017100319386 /* Controller */,
				26D4CCD81C61018600319386 /* View */,
			);
			path = Enabled;
			sourceTree = "<group>";
		};
		26F65C9B1C6010DD005E4A4F /* EnabledTests */ = {
			isa = PBXGroup;
			children = (
				26F65C9C1C6010DD005E4A4F /* EnabledTests.swift */,
				26F65C9E1C6010DD005E4A4F /* Info.plist */,
			);
			path = EnabledTests;
			sourceTree = "<group>";
		};
		26F65CA61C6010DD005E4A4F /* EnabledUITests */ = {
			isa = PBXGroup;
			children = (
				26F65CA71C6010DD005E4A4F /* EnabledUITests.swift */,
				26F65CA91C6010DD005E4A4F /* Info.plist */,
			);
			path = EnabledUITests;
			sourceTree = "<group>";
		};
		29A1ED10AD463ECDA7BFBCA8 /* Frameworks */ = {
			isa = PBXGroup;
			children = (
				263692361C60159800167EBE /* SystemConfiguration.framework */,
				263692341C60159100167EBE /* QuartzCore.framework */,
				263692321C60158B00167EBE /* OpenGLES.framework */,
				263692301C60158500167EBE /* libz.tbd */,
				2636922E1C60158000167EBE /* libicucore.tbd */,
				2636922C1C60157400167EBE /* libc++.tbd */,
				2636922A1C60156700167EBE /* ImageIO.framework */,
				263692281C60156100167EBE /* GLKit.framework */,
				263692261C60155A00167EBE /* CoreText.framework */,
				263692241C60155400167EBE /* CoreLocation.framework */,
				263692221C60154E00167EBE /* CoreData.framework */,
				263692201C60154800167EBE /* AVFoundation.framework */,
				9232AF742DA3F333082D7088 /* libPods.a */,
			);
			name = Frameworks;
			sourceTree = "<group>";
		};
		56C951E9698FED95D5946E6D /* Pods */ = {
			isa = PBXGroup;
			children = (
				95E70A0EF1EAF4A8BF325A55 /* Pods.debug.xcconfig */,
				C7BDBF0A0BC3ED409DB2D382 /* Pods.release.xcconfig */,
			);
			name = Pods;
			sourceTree = "<group>";
		};
/* End PBXGroup section */

/* Begin PBXNativeTarget section */
		26F65C801C6010DC005E4A4F /* Enabled */ = {
			isa = PBXNativeTarget;
			buildConfigurationList = 26F65CAC1C6010DD005E4A4F /* Build configuration list for PBXNativeTarget "Enabled" */;
			buildPhases = (
				EAF4A78E9E2B1BAB9C066F00 /* Check Pods Manifest.lock */,
				26F65C7D1C6010DC005E4A4F /* Sources */,
				26F65C7E1C6010DC005E4A4F /* Frameworks */,
				26F65C7F1C6010DC005E4A4F /* Resources */,
				77872B8AE09E7B8F2D797873 /* Embed Pods Frameworks */,
				0D1F0F05CD65129C16CA75B2 /* Copy Pods Resources */,
			);
			buildRules = (
			);
			dependencies = (
			);
			name = Enabled;
			productName = Enabled;
			productReference = 26F65C811C6010DC005E4A4F /* Enabled.app */;
			productType = "com.apple.product-type.application";
		};
		26F65C971C6010DD005E4A4F /* EnabledTests */ = {
			isa = PBXNativeTarget;
			buildConfigurationList = 26F65CAF1C6010DD005E4A4F /* Build configuration list for PBXNativeTarget "EnabledTests" */;
			buildPhases = (
				26F65C941C6010DD005E4A4F /* Sources */,
				26F65C951C6010DD005E4A4F /* Frameworks */,
				26F65C961C6010DD005E4A4F /* Resources */,
			);
			buildRules = (
			);
			dependencies = (
				26F65C9A1C6010DD005E4A4F /* PBXTargetDependency */,
			);
			name = EnabledTests;
			productName = EnabledTests;
			productReference = 26F65C981C6010DD005E4A4F /* EnabledTests.xctest */;
			productType = "com.apple.product-type.bundle.unit-test";
		};
		26F65CA21C6010DD005E4A4F /* EnabledUITests */ = {
			isa = PBXNativeTarget;
			buildConfigurationList = 26F65CB21C6010DD005E4A4F /* Build configuration list for PBXNativeTarget "EnabledUITests" */;
			buildPhases = (
				26F65C9F1C6010DD005E4A4F /* Sources */,
				26F65CA01C6010DD005E4A4F /* Frameworks */,
				26F65CA11C6010DD005E4A4F /* Resources */,
			);
			buildRules = (
			);
			dependencies = (
				26F65CA51C6010DD005E4A4F /* PBXTargetDependency */,
			);
			name = EnabledUITests;
			productName = EnabledUITests;
			productReference = 26F65CA31C6010DD005E4A4F /* EnabledUITests.xctest */;
			productType = "com.apple.product-type.bundle.ui-testing";
		};
/* End PBXNativeTarget section */

/* Begin PBXProject section */
		26F65C791C6010DC005E4A4F /* Project object */ = {
			isa = PBXProject;
			attributes = {
				LastSwiftUpdateCheck = 0720;
				LastUpgradeCheck = 0720;
				ORGANIZATIONNAME = MogaSam;
				TargetAttributes = {
					26F65C801C6010DC005E4A4F = {
						CreatedOnToolsVersion = 7.2;
						DevelopmentTeam = NU7525HHB9;
					};
					26F65C971C6010DD005E4A4F = {
						CreatedOnToolsVersion = 7.2;
						DevelopmentTeam = NU7525HHB9;
						TestTargetID = 26F65C801C6010DC005E4A4F;
					};
					26F65CA21C6010DD005E4A4F = {
						CreatedOnToolsVersion = 7.2;
						DevelopmentTeam = NU7525HHB9;
						TestTargetID = 26F65C801C6010DC005E4A4F;
					};
				};
			};
			buildConfigurationList = 26F65C7C1C6010DC005E4A4F /* Build configuration list for PBXProject "Enabled" */;
			compatibilityVersion = "Xcode 3.2";
			developmentRegion = English;
			hasScannedForEncodings = 0;
			knownRegions = (
				en,
				Base,
			);
			mainGroup = 26F65C781C6010DC005E4A4F;
			productRefGroup = 26F65C821C6010DC005E4A4F /* Products */;
			projectDirPath = "";
			projectRoot = "";
			targets = (
				26F65C801C6010DC005E4A4F /* Enabled */,
				26F65C971C6010DD005E4A4F /* EnabledTests */,
				26F65CA21C6010DD005E4A4F /* EnabledUITests */,
			);
		};
/* End PBXProject section */

/* Begin PBXResourcesBuildPhase section */
		26F65C7F1C6010DC005E4A4F /* Resources */ = {
			isa = PBXResourcesBuildPhase;
			buildActionMask = 2147483647;
			files = (
				26F65C921C6010DC005E4A4F /* LaunchScreen.storyboard in Resources */,
				26F65C8F1C6010DC005E4A4F /* Assets.xcassets in Resources */,
				261700111C6057C00053F9AB /* Media.xcassets in Resources */,
				26F65C8A1C6010DC005E4A4F /* Main.storyboard in Resources */,
			);
			runOnlyForDeploymentPostprocessing = 0;
		};
		26F65C961C6010DD005E4A4F /* Resources */ = {
			isa = PBXResourcesBuildPhase;
			buildActionMask = 2147483647;
			files = (
			);
			runOnlyForDeploymentPostprocessing = 0;
		};
		26F65CA11C6010DD005E4A4F /* Resources */ = {
			isa = PBXResourcesBuildPhase;
			buildActionMask = 2147483647;
			files = (
			);
			runOnlyForDeploymentPostprocessing = 0;
		};
/* End PBXResourcesBuildPhase section */

/* Begin PBXShellScriptBuildPhase section */
		0D1F0F05CD65129C16CA75B2 /* Copy Pods Resources */ = {
			isa = PBXShellScriptBuildPhase;
			buildActionMask = 2147483647;
			files = (
			);
			inputPaths = (
			);
			name = "Copy Pods Resources";
			outputPaths = (
			);
			runOnlyForDeploymentPostprocessing = 0;
			shellPath = /bin/sh;
			shellScript = "\"${SRCROOT}/Pods/Target Support Files/Pods/Pods-resources.sh\"\n";
			showEnvVarsInLog = 0;
		};
		77872B8AE09E7B8F2D797873 /* Embed Pods Frameworks */ = {
			isa = PBXShellScriptBuildPhase;
			buildActionMask = 2147483647;
			files = (
			);
			inputPaths = (
			);
			name = "Embed Pods Frameworks";
			outputPaths = (
			);
			runOnlyForDeploymentPostprocessing = 0;
			shellPath = /bin/sh;
			shellScript = "\"${SRCROOT}/Pods/Target Support Files/Pods/Pods-frameworks.sh\"\n";
			showEnvVarsInLog = 0;
		};
		EAF4A78E9E2B1BAB9C066F00 /* Check Pods Manifest.lock */ = {
			isa = PBXShellScriptBuildPhase;
			buildActionMask = 2147483647;
			files = (
			);
			inputPaths = (
			);
			name = "Check Pods Manifest.lock";
			outputPaths = (
			);
			runOnlyForDeploymentPostprocessing = 0;
			shellPath = /bin/sh;
			shellScript = "diff \"${PODS_ROOT}/../Podfile.lock\" \"${PODS_ROOT}/Manifest.lock\" > /dev/null\nif [[ $? != 0 ]] ; then\n    cat << EOM\nerror: The sandbox is not in sync with the Podfile.lock. Run 'pod install' or update your CocoaPods installation.\nEOM\n    exit 1\nfi\n";
			showEnvVarsInLog = 0;
		};
/* End PBXShellScriptBuildPhase section */

/* Begin PBXSourcesBuildPhase section */
		26F65C7D1C6010DC005E4A4F /* Sources */ = {
			isa = PBXSourcesBuildPhase;
			buildActionMask = 2147483647;
			files = (
				266BB5F91C616796000143FB /* SearchResultController.swift in Sources */,
				26D4CCDD1C61023C00319386 /* MapViewController.swift in Sources */,
				26D4CCD71C61018200319386 /* view.swift in Sources */,
				26D4CCD11C61013500319386 /* model.swift in Sources */,
				26D4CCE01C61534A00319386 /* MapTasks.swift in Sources */,
				26F65C851C6010DC005E4A4F /* AppDelegate.swift in Sources */,
				26F65C8D1C6010DC005E4A4F /* Enabled.xcdatamodeld in Sources */,
			);
			runOnlyForDeploymentPostprocessing = 0;
		};
		26F65C941C6010DD005E4A4F /* Sources */ = {
			isa = PBXSourcesBuildPhase;
			buildActionMask = 2147483647;
			files = (
				26F65C9D1C6010DD005E4A4F /* EnabledTests.swift in Sources */,
			);
			runOnlyForDeploymentPostprocessing = 0;
		};
		26F65C9F1C6010DD005E4A4F /* Sources */ = {
			isa = PBXSourcesBuildPhase;
			buildActionMask = 2147483647;
			files = (
				26F65CA81C6010DD005E4A4F /* EnabledUITests.swift in Sources */,
			);
			runOnlyForDeploymentPostprocessing = 0;
		};
/* End PBXSourcesBuildPhase section */

/* Begin PBXTargetDependency section */
		26F65C9A1C6010DD005E4A4F /* PBXTargetDependency */ = {
			isa = PBXTargetDependency;
			target = 26F65C801C6010DC005E4A4F /* Enabled */;
			targetProxy = 26F65C991C6010DD005E4A4F /* PBXContainerItemProxy */;
		};
		26F65CA51C6010DD005E4A4F /* PBXTargetDependency */ = {
			isa = PBXTargetDependency;
			target = 26F65C801C6010DC005E4A4F /* Enabled */;
			targetProxy = 26F65CA41C6010DD005E4A4F /* PBXContainerItemProxy */;
		};
/* End PBXTargetDependency section */

/* Begin PBXVariantGroup section */
		26F65C881C6010DC005E4A4F /* Main.storyboard */ = {
			isa = PBXVariantGroup;
			children = (
				26F65C891C6010DC005E4A4F /* Base */,
			);
			name = Main.storyboard;
			sourceTree = "<group>";
		};
		26F65C901C6010DC005E4A4F /* LaunchScreen.storyboard */ = {
			isa = PBXVariantGroup;
			children = (
				26F65C911C6010DC005E4A4F /* Base */,
			);
			name = LaunchScreen.storyboard;
			sourceTree = "<group>";
		};
/* End PBXVariantGroup section */

/* Begin XCBuildConfiguration section */
		26F65CAA1C6010DD005E4A4F /* Debug */ = {
			isa = XCBuildConfiguration;
			buildSettings = {
				ALWAYS_SEARCH_USER_PATHS = NO;
				CLANG_CXX_LANGUAGE_STANDARD = "gnu++0x";
				CLANG_CXX_LIBRARY = "libc++";
				CLANG_ENABLE_MODULES = YES;
				CLANG_ENABLE_OBJC_ARC = YES;
				CLANG_WARN_BOOL_CONVERSION = YES;
				CLANG_WARN_CONSTANT_CONVERSION = YES;
				CLANG_WARN_DIRECT_OBJC_ISA_USAGE = YES_ERROR;
				CLANG_WARN_EMPTY_BODY = YES;
				CLANG_WARN_ENUM_CONVERSION = YES;
				CLANG_WARN_INT_CONVERSION = YES;
				CLANG_WARN_OBJC_ROOT_CLASS = YES_ERROR;
				CLANG_WARN_UNREACHABLE_CODE = YES;
				CLANG_WARN__DUPLICATE_METHOD_MATCH = YES;
				"CODE_SIGN_IDENTITY[sdk=iphoneos*]" = "iPhone Developer";
				COPY_PHASE_STRIP = NO;
				DEBUG_INFORMATION_FORMAT = dwarf;
				ENABLE_STRICT_OBJC_MSGSEND = YES;
				ENABLE_TESTABILITY = YES;
				GCC_C_LANGUAGE_STANDARD = gnu99;
				GCC_DYNAMIC_NO_PIC = NO;
				GCC_NO_COMMON_BLOCKS = YES;
				GCC_OPTIMIZATION_LEVEL = 0;
				GCC_PREPROCESSOR_DEFINITIONS = (
					"DEBUG=1",
					"$(inherited)",
				);
				GCC_WARN_64_TO_32_BIT_CONVERSION = YES;
				GCC_WARN_ABOUT_RETURN_TYPE = YES_ERROR;
				GCC_WARN_UNDECLARED_SELECTOR = YES;
				GCC_WARN_UNINITIALIZED_AUTOS = YES_AGGRESSIVE;
				GCC_WARN_UNUSED_FUNCTION = YES;
				GCC_WARN_UNUSED_VARIABLE = YES;
				IPHONEOS_DEPLOYMENT_TARGET = 9.2;
				MTL_ENABLE_DEBUG_INFO = YES;
				ONLY_ACTIVE_ARCH = YES;
				SDKROOT = iphoneos;
				SWIFT_OPTIMIZATION_LEVEL = "-Onone";
				TARGETED_DEVICE_FAMILY = "1,2";
			};
			name = Debug;
		};
		26F65CAB1C6010DD005E4A4F /* Release */ = {
			isa = XCBuildConfiguration;
			buildSettings = {
				ALWAYS_SEARCH_USER_PATHS = NO;
				CLANG_CXX_LANGUAGE_STANDARD = "gnu++0x";
				CLANG_CXX_LIBRARY = "libc++";
				CLANG_ENABLE_MODULES = YES;
				CLANG_ENABLE_OBJC_ARC = YES;
				CLANG_WARN_BOOL_CONVERSION = YES;
				CLANG_WARN_CONSTANT_CONVERSION = YES;
				CLANG_WARN_DIRECT_OBJC_ISA_USAGE = YES_ERROR;
				CLANG_WARN_EMPTY_BODY = YES;
				CLANG_WARN_ENUM_CONVERSION = YES;
				CLANG_WARN_INT_CONVERSION = YES;
				CLANG_WARN_OBJC_ROOT_CLASS = YES_ERROR;
				CLANG_WARN_UNREACHABLE_CODE = YES;
				CLANG_WARN__DUPLICATE_METHOD_MATCH = YES;
				"CODE_SIGN_IDENTITY[sdk=iphoneos*]" = "iPhone Developer";
				COPY_PHASE_STRIP = NO;
				DEBUG_INFORMATION_FORMAT = "dwarf-with-dsym";
				ENABLE_NS_ASSERTIONS = NO;
				ENABLE_STRICT_OBJC_MSGSEND = YES;
				GCC_C_LANGUAGE_STANDARD = gnu99;
				GCC_NO_COMMON_BLOCKS = YES;
				GCC_WARN_64_TO_32_BIT_CONVERSION = YES;
				GCC_WARN_ABOUT_RETURN_TYPE = YES_ERROR;
				GCC_WARN_UNDECLARED_SELECTOR = YES;
				GCC_WARN_UNINITIALIZED_AUTOS = YES_AGGRESSIVE;
				GCC_WARN_UNUSED_FUNCTION = YES;
				GCC_WARN_UNUSED_VARIABLE = YES;
				IPHONEOS_DEPLOYMENT_TARGET = 9.2;
				MTL_ENABLE_DEBUG_INFO = NO;
				SDKROOT = iphoneos;
				TARGETED_DEVICE_FAMILY = "1,2";
				VALIDATE_PRODUCT = YES;
			};
			name = Release;
		};
		26F65CAD1C6010DD005E4A4F /* Debug */ = {
			isa = XCBuildConfiguration;
			baseConfigurationReference = 95E70A0EF1EAF4A8BF325A55 /* Pods.debug.xcconfig */;
			buildSettings = {
				ASSETCATALOG_COMPILER_APPICON_NAME = AppIcon;
				CLANG_ENABLE_MODULES = YES;
				ENABLE_BITCODE = NO;
				INFOPLIST_FILE = Enabled/Info.plist;
				LD_RUNPATH_SEARCH_PATHS = "$(inherited) @executable_path/Frameworks";
				PRODUCT_BUNDLE_IDENTIFIER = org.mogasam.Enabled;
				PRODUCT_NAME = "$(TARGET_NAME)";
				SWIFT_OBJC_BRIDGING_HEADER = "Enabled-Bridging-Header.h";
				SWIFT_OPTIMIZATION_LEVEL = "-Onone";
			};
			name = Debug;
		};
		26F65CAE1C6010DD005E4A4F /* Release */ = {
			isa = XCBuildConfiguration;
			baseConfigurationReference = C7BDBF0A0BC3ED409DB2D382 /* Pods.release.xcconfig */;
			buildSettings = {
				ASSETCATALOG_COMPILER_APPICON_NAME = AppIcon;
				CLANG_ENABLE_MODULES = YES;
				ENABLE_BITCODE = NO;
				INFOPLIST_FILE = Enabled/Info.plist;
				LD_RUNPATH_SEARCH_PATHS = "$(inherited) @executable_path/Frameworks";
				PRODUCT_BUNDLE_IDENTIFIER = org.mogasam.Enabled;
				PRODUCT_NAME = "$(TARGET_NAME)";
				SWIFT_OBJC_BRIDGING_HEADER = "Enabled-Bridging-Header.h";
			};
			name = Release;
		};
		26F65CB01C6010DD005E4A4F /* Debug */ = {
			isa = XCBuildConfiguration;
			buildSettings = {
				BUNDLE_LOADER = "$(TEST_HOST)";
				INFOPLIST_FILE = EnabledTests/Info.plist;
				LD_RUNPATH_SEARCH_PATHS = "$(inherited) @executable_path/Frameworks @loader_path/Frameworks";
				PRODUCT_BUNDLE_IDENTIFIER = org.mogasam.EnabledTests;
				PRODUCT_NAME = "$(TARGET_NAME)";
				TEST_HOST = "$(BUILT_PRODUCTS_DIR)/Enabled.app/Enabled";
			};
			name = Debug;
		};
		26F65CB11C6010DD005E4A4F /* Release */ = {
			isa = XCBuildConfiguration;
			buildSettings = {
				BUNDLE_LOADER = "$(TEST_HOST)";
				INFOPLIST_FILE = EnabledTests/Info.plist;
				LD_RUNPATH_SEARCH_PATHS = "$(inherited) @executable_path/Frameworks @loader_path/Frameworks";
				PRODUCT_BUNDLE_IDENTIFIER = org.mogasam.EnabledTests;
				PRODUCT_NAME = "$(TARGET_NAME)";
				TEST_HOST = "$(BUILT_PRODUCTS_DIR)/Enabled.app/Enabled";
			};
			name = Release;
		};
		26F65CB31C6010DD005E4A4F /* Debug */ = {
			isa = XCBuildConfiguration;
			buildSettings = {
				INFOPLIST_FILE = EnabledUITests/Info.plist;
				LD_RUNPATH_SEARCH_PATHS = "$(inherited) @executable_path/Frameworks @loader_path/Frameworks";
				PRODUCT_BUNDLE_IDENTIFIER = org.mogasam.EnabledUITests;
				PRODUCT_NAME = "$(TARGET_NAME)";
				TEST_TARGET_NAME = Enabled;
				USES_XCTRUNNER = YES;
			};
			name = Debug;
		};
		26F65CB41C6010DD005E4A4F /* Release */ = {
			isa = XCBuildConfiguration;
			buildSettings = {
				INFOPLIST_FILE = EnabledUITests/Info.plist;
				LD_RUNPATH_SEARCH_PATHS = "$(inherited) @executable_path/Frameworks @loader_path/Frameworks";
				PRODUCT_BUNDLE_IDENTIFIER = org.mogasam.EnabledUITests;
				PRODUCT_NAME = "$(TARGET_NAME)";
				TEST_TARGET_NAME = Enabled;
				USES_XCTRUNNER = YES;
			};
			name = Release;
		};
/* End XCBuildConfiguration section */

/* Begin XCConfigurationList section */
		26F65C7C1C6010DC005E4A4F /* Build configuration list for PBXProject "Enabled" */ = {
			isa = XCConfigurationList;
			buildConfigurations = (
				26F65CAA1C6010DD005E4A4F /* Debug */,
				26F65CAB1C6010DD005E4A4F /* Release */,
			);
			defaultConfigurationIsVisible = 0;
			defaultConfigurationName = Release;
		};
		26F65CAC1C6010DD005E4A4F /* Build configuration list for PBXNativeTarget "Enabled" */ = {
			isa = XCConfigurationList;
			buildConfigurations = (
				26F65CAD1C6010DD005E4A4F /* Debug */,
				26F65CAE1C6010DD005E4A4F /* Release */,
			);
			defaultConfigurationIsVisible = 0;
			defaultConfigurationName = Release;
		};
		26F65CAF1C6010DD005E4A4F /* Build configuration list for PBXNativeTarget "EnabledTests" */ = {
			isa = XCConfigurationList;
			buildConfigurations = (
				26F65CB01C6010DD005E4A4F /* Debug */,
				26F65CB11C6010DD005E4A4F /* Release */,
			);
			defaultConfigurationIsVisible = 0;
			defaultConfigurationName = Release;
		};
		26F65CB21C6010DD005E4A4F /* Build configuration list for PBXNativeTarget "EnabledUITests" */ = {
			isa = XCConfigurationList;
			buildConfigurations = (
				26F65CB31C6010DD005E4A4F /* Debug */,
				26F65CB41C6010DD005E4A4F /* Release */,
			);
			defaultConfigurationIsVisible = 0;
			defaultConfigurationName = Release;
		};
/* End XCConfigurationList section */

/* Begin XCVersionGroup section */
		26F65C8B1C6010DC005E4A4F /* Enabled.xcdatamodeld */ = {
			isa = XCVersionGroup;
			children = (
				26F65C8C1C6010DC005E4A4F /* Enabled.xcdatamodel */,
			);
			currentVersion = 26F65C8C1C6010DC005E4A4F /* Enabled.xcdatamodel */;
			path = Enabled.xcdatamodeld;
			sourceTree = "<group>";
			versionGroupType = wrapper.xcdatamodel;
		};
/* End XCVersionGroup section */
	};
	rootObject = 26F65C791C6010DC005E4A4F /* Project object */;
}
